
Microsoft Visual Studio Solution File, Format Version 12.00
# Visual Studio Version 17
VisualStudioVersion = 17.5.002.0
MinimumVisualStudioVersion = 10.0.40219.1
Project("{9A19103F-16F7-4668-BE54-9A1E7A4F7556}") = "bank-crm-azfunction", "bank-crm-azfunction.csproj", "{415373CD-8676-4F73-8244-3BAAC4C1001E}"
EndProject
Global
	GlobalSection(SolutionConfigurationPlatforms) = preSolution
		Debug|Any CPU = Debug|Any CPU
		Release|Any CPU = Release|Any CPU
	EndGlobalSection
	GlobalSection(ProjectConfigurationPlatforms) = postSolution
		{415373CD-8676-4F73-8244-3BAAC4C1001E}.Debug|Any CPU.ActiveCfg = Debug|Any CPU
		{415373CD-8676-4F73-8244-3BAAC4C1001E}.Debug|Any CPU.Build.0 = Debug|Any CPU
		{415373CD-8676-4F73-8244-3BAAC4C1001E}.Release|Any CPU.ActiveCfg = Release|Any CPU
		{415373CD-8676-4F73-8244-3BAAC4C1001E}.Release|Any CPU.Build.0 = Release|Any CPU
	EndGlobalSection
	GlobalSection(SolutionProperties) = preSolution
		HideSolutionNode = FALSE
	EndGlobalSection
	GlobalSection(ExtensibilityGlobals) = postSolution
		SolutionGuid = {9C2B3255-2829-4182-9A68-7954090AF93B}
	EndGlobalSection
EndGlobal
